
Microsoft Visual Studio Solution File, Format Version 12.00
# Visual Studio Version 16
VisualStudioVersion = 16.0.31005.135
MinimumVisualStudioVersion = 10.0.40219.1
Project("{FAE04EC0-301F-11D3-BF4B-00C04F79EFBC}") = "LesVariablesExo3", "LesVariablesExo3.csproj", "{FE065883-6D58-4A1E-8EA8-D0382D7390A3}"
EndProject
Global
	GlobalSection(SolutionConfigurationPlatforms) = preSolution
		Debug|Any CPU = Debug|Any CPU
		Release|Any CPU = Release|Any CPU
	EndGlobalSection
	GlobalSection(ProjectConfigurationPlatforms) = postSolution
		{FE065883-6D58-4A1E-8EA8-D0382D7390A3}.Debug|Any CPU.ActiveCfg = Debug|Any CPU
		{FE065883-6D58-4A1E-8EA8-D0382D7390A3}.Debug|Any CPU.Build.0 = Debug|Any CPU
		{FE065883-6D58-4A1E-8EA8-D0382D7390A3}.Release|Any CPU.ActiveCfg = Release|Any CPU
		{FE065883-6D58-4A1E-8EA8-D0382D7390A3}.Release|Any CPU.Build.0 = Release|Any CPU
	EndGlobalSection
	GlobalSection(SolutionProperties) = preSolution
		HideSolutionNode = FALSE
	EndGlobalSection
	GlobalSection(ExtensibilityGlobals) = postSolution
		SolutionGuid = {950E207E-030D-403D-B00E-251510E26E39}
	EndGlobalSection
EndGlobal
